// !$*UTF8*$!
{
	archiveVersion = 1;
	classes = {
	};
	objectVersion = 46;
	objects = {

/* Begin PBXBuildFile section */
		7A056E161C9DA7EF006835ED /* GraphicSymbol.swift in Sources */ = {isa = PBXBuildFile; fileRef = 7A056E151C9DA7EF006835ED /* GraphicSymbol.swift */; };
		7A056E1A1CA05353006835ED /* WallGraphic.swift in Sources */ = {isa = PBXBuildFile; fileRef = 7A056E191CA05353006835ED /* WallGraphic.swift */; };
		7A094D9C1CA2EA4000141FAE /* Parametrics.swift in Sources */ = {isa = PBXBuildFile; fileRef = 7A094D9B1CA2EA4000141FAE /* Parametrics.swift */; };
		7A3943251A700FF700E1FD94 /* AppDelegate.swift in Sources */ = {isa = PBXBuildFile; fileRef = 7A3943241A700FF700E1FD94 /* AppDelegate.swift */; };
		7A3943271A700FF700E1FD94 /* ArsDocument.swift in Sources */ = {isa = PBXBuildFile; fileRef = 7A3943261A700FF700E1FD94 /* ArsDocument.swift */; };
		7A39432A1A700FF700E1FD94 /* ArsDocument.xib in Resources */ = {isa = PBXBuildFile; fileRef = 7A3943281A700FF700E1FD94 /* ArsDocument.xib */; };
		7A39432C1A700FF700E1FD94 /* Images.xcassets in Resources */ = {isa = PBXBuildFile; fileRef = 7A39432B1A700FF700E1FD94 /* Images.xcassets */; };
		7A39432F1A700FF700E1FD94 /* MainMenu.xib in Resources */ = {isa = PBXBuildFile; fileRef = 7A39432D1A700FF700E1FD94 /* MainMenu.xib */; };
		7A39433B1A700FF700E1FD94 /* ArsNovisTests.swift in Sources */ = {isa = PBXBuildFile; fileRef = 7A39433A1A700FF700E1FD94 /* ArsNovisTests.swift */; };
		7A3943451A7010F900E1FD94 /* DrawingView.swift in Sources */ = {isa = PBXBuildFile; fileRef = 7A3943441A7010F900E1FD94 /* DrawingView.swift */; };
		7A3943471A70343500E1FD94 /* LineGraphic.swift in Sources */ = {isa = PBXBuildFile; fileRef = 7A3943461A70343500E1FD94 /* LineGraphic.swift */; };
		7A3943491A70359B00E1FD94 /* GraphicMath.swift in Sources */ = {isa = PBXBuildFile; fileRef = 7A3943481A70359B00E1FD94 /* GraphicMath.swift */; };
		7A5BA25B1C87A97C00204FA3 /* DocInspectorView.swift in Sources */ = {isa = PBXBuildFile; fileRef = 7A5BA25A1C87A97C00204FA3 /* DocInspectorView.swift */; };
		7A5BF4611CA97CF4003F8206 /* ParametricInspector.swift in Sources */ = {isa = PBXBuildFile; fileRef = 7A5BF4601CA97CF4003F8206 /* ParametricInspector.swift */; };
		7A9391D11A7AB390005493E6 /* GraphicInspector.swift in Sources */ = {isa = PBXBuildFile; fileRef = 7A9391D01A7AB390005493E6 /* GraphicInspector.swift */; };
		7AA606301C99ADD500933E34 /* GroupGraphic.swift in Sources */ = {isa = PBXBuildFile; fileRef = 7AA6062F1C99ADD500933E34 /* GroupGraphic.swift */; };
		7AA606321C99FD4000933E34 /* TrimTools.swift in Sources */ = {isa = PBXBuildFile; fileRef = 7AA606311C99FD4000933E34 /* TrimTools.swift */; };
		7AA606341C9B74DA00933E34 /* Dimensions.swift in Sources */ = {isa = PBXBuildFile; fileRef = 7AA606331C9B74DA00933E34 /* Dimensions.swift */; };
		7AC123FD1C89FE8B006EB23F /* Dialogs.swift in Sources */ = {isa = PBXBuildFile; fileRef = 7AC123FC1C89FE8B006EB23F /* Dialogs.swift */; };
		7AC123FF1C90893A006EB23F /* Transformers.swift in Sources */ = {isa = PBXBuildFile; fileRef = 7AC123FE1C90893A006EB23F /* Transformers.swift */; };
		7AC124011C908975006EB23F /* RegularExpression.swift in Sources */ = {isa = PBXBuildFile; fileRef = 7AC124001C908975006EB23F /* RegularExpression.swift */; };
		7AC3218E1A72B4B900836590 /* WDTabBar.swift in Sources */ = {isa = PBXBuildFile; fileRef = 7AC3218D1A72B4B900836590 /* WDTabBar.swift */; };
		7AC321901A72B54200836590 /* Graphic.swift in Sources */ = {isa = PBXBuildFile; fileRef = 7AC3218F1A72B54200836590 /* Graphic.swift */; };
		7AC321921A72B6B700836590 /* RectGraphic.swift in Sources */ = {isa = PBXBuildFile; fileRef = 7AC321911A72B6B700836590 /* RectGraphic.swift */; };
		7AC321941A72B73100836590 /* ArcGraphic.swift in Sources */ = {isa = PBXBuildFile; fileRef = 7AC321931A72B73100836590 /* ArcGraphic.swift */; };
		7AC321961A72B75E00836590 /* SelectTool.swift in Sources */ = {isa = PBXBuildFile; fileRef = 7AC321951A72B75E00836590 /* SelectTool.swift */; };
		7ACABEC21C7E6EC500BBEA93 /* ZoomView.swift in Sources */ = {isa = PBXBuildFile; fileRef = 7ACABEC11C7E6EC500BBEA93 /* ZoomView.swift */; };
		7AEF043B1C81F000006CCF60 /* BezierGraphic.swift in Sources */ = {isa = PBXBuildFile; fileRef = 7AEF043A1C81F000006CCF60 /* BezierGraphic.swift */; };
/* End PBXBuildFile section */

/* Begin PBXContainerItemProxy section */
		7A3943351A700FF700E1FD94 /* PBXContainerItemProxy */ = {
			isa = PBXContainerItemProxy;
			containerPortal = 7A3943171A700FF700E1FD94 /* Project object */;
			proxyType = 1;
			remoteGlobalIDString = 7A39431E1A700FF700E1FD94;
			remoteInfo = ArsNovis;
		};
/* End PBXContainerItemProxy section */

/* Begin PBXFileReference section */
		7A056E151C9DA7EF006835ED /* GraphicSymbol.swift */ = {isa = PBXFileReference; fileEncoding = 4; lastKnownFileType = sourcecode.swift; path = GraphicSymbol.swift; sourceTree = "<group>"; };
		7A056E191CA05353006835ED /* WallGraphic.swift */ = {isa = PBXFileReference; fileEncoding = 4; lastKnownFileType = sourcecode.swift; path = WallGraphic.swift; sourceTree = "<group>"; };
		7A094D9B1CA2EA4000141FAE /* Parametrics.swift */ = {isa = PBXFileReference; fileEncoding = 4; lastKnownFileType = sourcecode.swift; path = Parametrics.swift; sourceTree = "<group>"; };
		7A39431F1A700FF700E1FD94 /* ArsNovis.app */ = {isa = PBXFileReference; explicitFileType = wrapper.application; includeInIndex = 0; path = ArsNovis.app; sourceTree = BUILT_PRODUCTS_DIR; };
		7A3943231A700FF700E1FD94 /* Info.plist */ = {isa = PBXFileReference; lastKnownFileType = text.plist.xml; path = Info.plist; sourceTree = "<group>"; };
		7A3943241A700FF700E1FD94 /* AppDelegate.swift */ = {isa = PBXFileReference; lastKnownFileType = sourcecode.swift; path = AppDelegate.swift; sourceTree = "<group>"; };
		7A3943261A700FF700E1FD94 /* ArsDocument.swift */ = {isa = PBXFileReference; lastKnownFileType = sourcecode.swift; path = ArsDocument.swift; sourceTree = "<group>"; };
		7A3943291A700FF700E1FD94 /* Base */ = {isa = PBXFileReference; lastKnownFileType = file.xib; name = Base; path = Base.lproj/ArsDocument.xib; sourceTree = "<group>"; };
		7A39432B1A700FF700E1FD94 /* Images.xcassets */ = {isa = PBXFileReference; lastKnownFileType = folder.assetcatalog; path = Images.xcassets; sourceTree = "<group>"; };
		7A39432E1A700FF700E1FD94 /* Base */ = {isa = PBXFileReference; lastKnownFileType = file.xib; name = Base; path = Base.lproj/MainMenu.xib; sourceTree = "<group>"; };
		7A3943341A700FF700E1FD94 /* ArsNovisTests.xctest */ = {isa = PBXFileReference; explicitFileType = wrapper.cfbundle; includeInIndex = 0; path = ArsNovisTests.xctest; sourceTree = BUILT_PRODUCTS_DIR; };
		7A3943391A700FF700E1FD94 /* Info.plist */ = {isa = PBXFileReference; lastKnownFileType = text.plist.xml; path = Info.plist; sourceTree = "<group>"; };
		7A39433A1A700FF700E1FD94 /* ArsNovisTests.swift */ = {isa = PBXFileReference; lastKnownFileType = sourcecode.swift; path = ArsNovisTests.swift; sourceTree = "<group>"; };
		7A3943441A7010F900E1FD94 /* DrawingView.swift */ = {isa = PBXFileReference; fileEncoding = 4; lastKnownFileType = sourcecode.swift; path = DrawingView.swift; sourceTree = "<group>"; };
		7A3943461A70343500E1FD94 /* LineGraphic.swift */ = {isa = PBXFileReference; fileEncoding = 4; lastKnownFileType = sourcecode.swift; path = LineGraphic.swift; sourceTree = "<group>"; };
		7A3943481A70359B00E1FD94 /* GraphicMath.swift */ = {isa = PBXFileReference; fileEncoding = 4; lastKnownFileType = sourcecode.swift; path = GraphicMath.swift; sourceTree = "<group>"; };
		7A5BA25A1C87A97C00204FA3 /* DocInspectorView.swift */ = {isa = PBXFileReference; fileEncoding = 4; lastKnownFileType = sourcecode.swift; path = DocInspectorView.swift; sourceTree = "<group>"; };
		7A5BF4601CA97CF4003F8206 /* ParametricInspector.swift */ = {isa = PBXFileReference; fileEncoding = 4; lastKnownFileType = sourcecode.swift; path = ParametricInspector.swift; sourceTree = "<group>"; };
		7A9391D01A7AB390005493E6 /* GraphicInspector.swift */ = {isa = PBXFileReference; fileEncoding = 4; lastKnownFileType = sourcecode.swift; path = GraphicInspector.swift; sourceTree = "<group>"; };
		7AA6062F1C99ADD500933E34 /* GroupGraphic.swift */ = {isa = PBXFileReference; fileEncoding = 4; lastKnownFileType = sourcecode.swift; path = GroupGraphic.swift; sourceTree = "<group>"; };
		7AA606311C99FD4000933E34 /* TrimTools.swift */ = {isa = PBXFileReference; fileEncoding = 4; lastKnownFileType = sourcecode.swift; path = TrimTools.swift; sourceTree = "<group>"; };
		7AA606331C9B74DA00933E34 /* Dimensions.swift */ = {isa = PBXFileReference; fileEncoding = 4; lastKnownFileType = sourcecode.swift; path = Dimensions.swift; sourceTree = "<group>"; };
		7AC123FC1C89FE8B006EB23F /* Dialogs.swift */ = {isa = PBXFileReference; fileEncoding = 4; lastKnownFileType = sourcecode.swift; path = Dialogs.swift; sourceTree = "<group>"; };
		7AC123FE1C90893A006EB23F /* Transformers.swift */ = {isa = PBXFileReference; fileEncoding = 4; lastKnownFileType = sourcecode.swift; path = Transformers.swift; sourceTree = "<group>"; };
		7AC124001C908975006EB23F /* RegularExpression.swift */ = {isa = PBXFileReference; fileEncoding = 4; lastKnownFileType = sourcecode.swift; path = RegularExpression.swift; sourceTree = "<group>"; };
		7AC3218D1A72B4B900836590 /* WDTabBar.swift */ = {isa = PBXFileReference; fileEncoding = 4; lastKnownFileType = sourcecode.swift; path = WDTabBar.swift; sourceTree = "<group>"; };
		7AC3218F1A72B54200836590 /* Graphic.swift */ = {isa = PBXFileReference; fileEncoding = 4; lastKnownFileType = sourcecode.swift; path = Graphic.swift; sourceTree = "<group>"; };
		7AC321911A72B6B700836590 /* RectGraphic.swift */ = {isa = PBXFileReference; fileEncoding = 4; lastKnownFileType = sourcecode.swift; path = RectGraphic.swift; sourceTree = "<group>"; };
		7AC321931A72B73100836590 /* ArcGraphic.swift */ = {isa = PBXFileReference; fileEncoding = 4; lastKnownFileType = sourcecode.swift; path = ArcGraphic.swift; sourceTree = "<group>"; };
		7AC321951A72B75E00836590 /* SelectTool.swift */ = {isa = PBXFileReference; fileEncoding = 4; lastKnownFileType = sourcecode.swift; path = SelectTool.swift; sourceTree = "<group>"; };
		7ACABEC11C7E6EC500BBEA93 /* ZoomView.swift */ = {isa = PBXFileReference; fileEncoding = 4; lastKnownFileType = sourcecode.swift; path = ZoomView.swift; sourceTree = "<group>"; };
		7AEF043A1C81F000006CCF60 /* BezierGraphic.swift */ = {isa = PBXFileReference; fileEncoding = 4; lastKnownFileType = sourcecode.swift; path = BezierGraphic.swift; sourceTree = "<group>"; };
/* End PBXFileReference section */

/* Begin PBXFrameworksBuildPhase section */
		7A39431C1A700FF700E1FD94 /* Frameworks */ = {
			isa = PBXFrameworksBuildPhase;
			buildActionMask = 2147483647;
			files = (
			);
			runOnlyForDeploymentPostprocessing = 0;
		};
		7A3943311A700FF700E1FD94 /* Frameworks */ = {
			isa = PBXFrameworksBuildPhase;
			buildActionMask = 2147483647;
			files = (
			);
			runOnlyForDeploymentPostprocessing = 0;
		};
/* End PBXFrameworksBuildPhase section */

/* Begin PBXGroup section */
		7A3943161A700FF700E1FD94 = {
			isa = PBXGroup;
			children = (
				7A3943211A700FF700E1FD94 /* ArsNovis */,
				7A3943371A700FF700E1FD94 /* ArsNovisTests */,
				7A3943201A700FF700E1FD94 /* Products */,
			);
			sourceTree = "<group>";
		};
		7A3943201A700FF700E1FD94 /* Products */ = {
			isa = PBXGroup;
			children = (
				7A39431F1A700FF700E1FD94 /* ArsNovis.app */,
				7A3943341A700FF700E1FD94 /* ArsNovisTests.xctest */,
			);
			name = Products;
			sourceTree = "<group>";
		};
		7A3943211A700FF700E1FD94 /* ArsNovis */ = {
			isa = PBXGroup;
			children = (
				7A3943241A700FF700E1FD94 /* AppDelegate.swift */,
				7A3943261A700FF700E1FD94 /* ArsDocument.swift */,
				7AC123FC1C89FE8B006EB23F /* Dialogs.swift */,
				7A3943281A700FF700E1FD94 /* ArsDocument.xib */,
				7A5BA25A1C87A97C00204FA3 /* DocInspectorView.swift */,
				7ACABEC11C7E6EC500BBEA93 /* ZoomView.swift */,
				7A3943441A7010F900E1FD94 /* DrawingView.swift */,
				7AC3218F1A72B54200836590 /* Graphic.swift */,
				7A9391D01A7AB390005493E6 /* GraphicInspector.swift */,
				7A094D9B1CA2EA4000141FAE /* Parametrics.swift */,
				7A5BF4601CA97CF4003F8206 /* ParametricInspector.swift */,
				7AC123FE1C90893A006EB23F /* Transformers.swift */,
				7A3943461A70343500E1FD94 /* LineGraphic.swift */,
				7A056E191CA05353006835ED /* WallGraphic.swift */,
				7AC321911A72B6B700836590 /* RectGraphic.swift */,
				7AC321931A72B73100836590 /* ArcGraphic.swift */,
				7AEF043A1C81F000006CCF60 /* BezierGraphic.swift */,
				7AA6062F1C99ADD500933E34 /* GroupGraphic.swift */,
				7A056E151C9DA7EF006835ED /* GraphicSymbol.swift */,
				7AC321951A72B75E00836590 /* SelectTool.swift */,
				7AA606311C99FD4000933E34 /* TrimTools.swift */,
				7AA606331C9B74DA00933E34 /* Dimensions.swift */,
				7AC3218D1A72B4B900836590 /* WDTabBar.swift */,
				7A3943481A70359B00E1FD94 /* GraphicMath.swift */,
				7AC124001C908975006EB23F /* RegularExpression.swift */,
				7A39432B1A700FF700E1FD94 /* Images.xcassets */,
				7A39432D1A700FF700E1FD94 /* MainMenu.xib */,
				7A3943221A700FF700E1FD94 /* Supporting Files */,
			);
			path = ArsNovis;
			sourceTree = "<group>";
		};
		7A3943221A700FF700E1FD94 /* Supporting Files */ = {
			isa = PBXGroup;
			children = (
				7A3943231A700FF700E1FD94 /* Info.plist */,
			);
			name = "Supporting Files";
			sourceTree = "<group>";
		};
		7A3943371A700FF700E1FD94 /* ArsNovisTests */ = {
			isa = PBXGroup;
			children = (
				7A39433A1A700FF700E1FD94 /* ArsNovisTests.swift */,
				7A3943381A700FF700E1FD94 /* Supporting Files */,
			);
			path = ArsNovisTests;
			sourceTree = "<group>";
		};
		7A3943381A700FF700E1FD94 /* Supporting Files */ = {
			isa = PBXGroup;
			children = (
				7A3943391A700FF700E1FD94 /* Info.plist */,
			);
			name = "Supporting Files";
			sourceTree = "<group>";
		};
/* End PBXGroup section */

/* Begin PBXNativeTarget section */
		7A39431E1A700FF700E1FD94 /* ArsNovis */ = {
			isa = PBXNativeTarget;
			buildConfigurationList = 7A39433E1A700FF700E1FD94 /* Build configuration list for PBXNativeTarget "ArsNovis" */;
			buildPhases = (
				7A39431B1A700FF700E1FD94 /* Sources */,
				7A39431C1A700FF700E1FD94 /* Frameworks */,
				7A39431D1A700FF700E1FD94 /* Resources */,
			);
			buildRules = (
			);
			dependencies = (
			);
			name = ArsNovis;
			productName = ArsNovis;
			productReference = 7A39431F1A700FF700E1FD94 /* ArsNovis.app */;
			productType = "com.apple.product-type.application";
		};
		7A3943331A700FF700E1FD94 /* ArsNovisTests */ = {
			isa = PBXNativeTarget;
			buildConfigurationList = 7A3943411A700FF700E1FD94 /* Build configuration list for PBXNativeTarget "ArsNovisTests" */;
			buildPhases = (
				7A3943301A700FF700E1FD94 /* Sources */,
				7A3943311A700FF700E1FD94 /* Frameworks */,
				7A3943321A700FF700E1FD94 /* Resources */,
			);
			buildRules = (
			);
			dependencies = (
				7A3943361A700FF700E1FD94 /* PBXTargetDependency */,
			);
			name = ArsNovisTests;
			productName = ArsNovisTests;
			productReference = 7A3943341A700FF700E1FD94 /* ArsNovisTests.xctest */;
			productType = "com.apple.product-type.bundle.unit-test";
		};
/* End PBXNativeTarget section */

/* Begin PBXProject section */
		7A3943171A700FF700E1FD94 /* Project object */ = {
			isa = PBXProject;
			attributes = {
				LastSwiftMigration = 0720;
				LastSwiftUpdateCheck = 0720;
				LastUpgradeCheck = 0720;
				ORGANIZATIONNAME = "WalkingDog Design";
				TargetAttributes = {
					7A39431E1A700FF700E1FD94 = {
						CreatedOnToolsVersion = 6.1.1;
						DevelopmentTeam = 3ET2CV6KFK;
					};
					7A3943331A700FF700E1FD94 = {
						CreatedOnToolsVersion = 6.1.1;
						TestTargetID = 7A39431E1A700FF700E1FD94;
					};
				};
			};
			buildConfigurationList = 7A39431A1A700FF700E1FD94 /* Build configuration list for PBXProject "ArsNovis" */;
			compatibilityVersion = "Xcode 3.2";
			developmentRegion = English;
			hasScannedForEncodings = 0;
			knownRegions = (
				en,
				Base,
			);
			mainGroup = 7A3943161A700FF700E1FD94;
			productRefGroup = 7A3943201A700FF700E1FD94 /* Products */;
			projectDirPath = "";
			projectRoot = "";
			targets = (
				7A39431E1A700FF700E1FD94 /* ArsNovis */,
				7A3943331A700FF700E1FD94 /* ArsNovisTests */,
			);
		};
/* End PBXProject section */

/* Begin PBXResourcesBuildPhase section */
		7A39431D1A700FF700E1FD94 /* Resources */ = {
			isa = PBXResourcesBuildPhase;
			buildActionMask = 2147483647;
			files = (
				7A39432A1A700FF700E1FD94 /* ArsDocument.xib in Resources */,
				7A39432C1A700FF700E1FD94 /* Images.xcassets in Resources */,
				7A39432F1A700FF700E1FD94 /* MainMenu.xib in Resources */,
			);
			runOnlyForDeploymentPostprocessing = 0;
		};
		7A3943321A700FF700E1FD94 /* Resources */ = {
			isa = PBXResourcesBuildPhase;
			buildActionMask = 2147483647;
			files = (
			);
			runOnlyForDeploymentPostprocessing = 0;
		};
/* End PBXResourcesBuildPhase section */

/* Begin PBXSourcesBuildPhase section */
		7A39431B1A700FF700E1FD94 /* Sources */ = {
			isa = PBXSourcesBuildPhase;
			buildActionMask = 2147483647;
			files = (
				7AEF043B1C81F000006CCF60 /* BezierGraphic.swift in Sources */,
				7AC321941A72B73100836590 /* ArcGraphic.swift in Sources */,
				7AA606301C99ADD500933E34 /* GroupGraphic.swift in Sources */,
				7AC123FD1C89FE8B006EB23F /* Dialogs.swift in Sources */,
				7ACABEC21C7E6EC500BBEA93 /* ZoomView.swift in Sources */,
				7AC321921A72B6B700836590 /* RectGraphic.swift in Sources */,
				7AC321901A72B54200836590 /* Graphic.swift in Sources */,
				7A3943491A70359B00E1FD94 /* GraphicMath.swift in Sources */,
				7A3943271A700FF700E1FD94 /* ArsDocument.swift in Sources */,
				7A056E161C9DA7EF006835ED /* GraphicSymbol.swift in Sources */,
				7A5BA25B1C87A97C00204FA3 /* DocInspectorView.swift in Sources */,
				7A5BF4611CA97CF4003F8206 /* ParametricInspector.swift in Sources */,
				7AC3218E1A72B4B900836590 /* WDTabBar.swift in Sources */,
				7A3943451A7010F900E1FD94 /* DrawingView.swift in Sources */,
				7A3943251A700FF700E1FD94 /* AppDelegate.swift in Sources */,
				7AC123FF1C90893A006EB23F /* Transformers.swift in Sources */,
				7AC124011C908975006EB23F /* RegularExpression.swift in Sources */,
				7A9391D11A7AB390005493E6 /* GraphicInspector.swift in Sources */,
				7A094D9C1CA2EA4000141FAE /* Parametrics.swift in Sources */,
				7AA606341C9B74DA00933E34 /* Dimensions.swift in Sources */,
				7A3943471A70343500E1FD94 /* LineGraphic.swift in Sources */,
				7AC321961A72B75E00836590 /* SelectTool.swift in Sources */,
				7A056E1A1CA05353006835ED /* WallGraphic.swift in Sources */,
				7AA606321C99FD4000933E34 /* TrimTools.swift in Sources */,
			);
			runOnlyForDeploymentPostprocessing = 0;
		};
		7A3943301A700FF700E1FD94 /* Sources */ = {
			isa = PBXSourcesBuildPhase;
			buildActionMask = 2147483647;
			files = (
				7A39433B1A700FF700E1FD94 /* ArsNovisTests.swift in Sources */,
			);
			runOnlyForDeploymentPostprocessing = 0;
		};
/* End PBXSourcesBuildPhase section */

/* Begin PBXTargetDependency section */
		7A3943361A700FF700E1FD94 /* PBXTargetDependency */ = {
			isa = PBXTargetDependency;
			target = 7A39431E1A700FF700E1FD94 /* ArsNovis */;
			targetProxy = 7A3943351A700FF700E1FD94 /* PBXContainerItemProxy */;
		};
/* End PBXTargetDependency section */

/* Begin PBXVariantGroup section */
		7A3943281A700FF700E1FD94 /* ArsDocument.xib */ = {
			isa = PBXVariantGroup;
			children = (
				7A3943291A700FF700E1FD94 /* Base */,
			);
			name = ArsDocument.xib;
			sourceTree = "<group>";
		};
		7A39432D1A700FF700E1FD94 /* MainMenu.xib */ = {
			isa = PBXVariantGroup;
			children = (
				7A39432E1A700FF700E1FD94 /* Base */,
			);
			name = MainMenu.xib;
			sourceTree = "<group>";
		};
/* End PBXVariantGroup section */

/* Begin XCBuildConfiguration section */
		7A39433C1A700FF700E1FD94 /* Debug */ = {
			isa = XCBuildConfiguration;
			buildSettings = {
				ALWAYS_SEARCH_USER_PATHS = NO;
				CLANG_CXX_LANGUAGE_STANDARD = "gnu++0x";
				CLANG_CXX_LIBRARY = "libc++";
				CLANG_ENABLE_MODULES = YES;
				CLANG_ENABLE_OBJC_ARC = YES;
				CLANG_WARN_BOOL_CONVERSION = YES;
				CLANG_WARN_CONSTANT_CONVERSION = YES;
				CLANG_WARN_DIRECT_OBJC_ISA_USAGE = YES_ERROR;
				CLANG_WARN_EMPTY_BODY = YES;
				CLANG_WARN_ENUM_CONVERSION = YES;
				CLANG_WARN_INT_CONVERSION = YES;
				CLANG_WARN_OBJC_ROOT_CLASS = YES_ERROR;
				CLANG_WARN_UNREACHABLE_CODE = YES;
				CLANG_WARN__DUPLICATE_METHOD_MATCH = YES;
				CODE_SIGN_IDENTITY = "-";
				COPY_PHASE_STRIP = NO;
				ENABLE_STRICT_OBJC_MSGSEND = YES;
				ENABLE_TESTABILITY = YES;
				GCC_C_LANGUAGE_STANDARD = gnu99;
				GCC_DYNAMIC_NO_PIC = NO;
				GCC_OPTIMIZATION_LEVEL = 0;
				GCC_PREPROCESSOR_DEFINITIONS = (
					"DEBUG=1",
					"$(inherited)",
				);
				GCC_SYMBOLS_PRIVATE_EXTERN = NO;
				GCC_WARN_64_TO_32_BIT_CONVERSION = YES;
				GCC_WARN_ABOUT_RETURN_TYPE = YES_ERROR;
				GCC_WARN_UNDECLARED_SELECTOR = YES;
				GCC_WARN_UNINITIALIZED_AUTOS = YES_AGGRESSIVE;
				GCC_WARN_UNUSED_FUNCTION = YES;
				GCC_WARN_UNUSED_VARIABLE = YES;
				MACOSX_DEPLOYMENT_TARGET = 10.10;
				MTL_ENABLE_DEBUG_INFO = YES;
				ONLY_ACTIVE_ARCH = YES;
				SDKROOT = macosx;
				SWIFT_OPTIMIZATION_LEVEL = "-Onone";
			};
			name = Debug;
		};
		7A39433D1A700FF700E1FD94 /* Release */ = {
			isa = XCBuildConfiguration;
			buildSettings = {
				ALWAYS_SEARCH_USER_PATHS = NO;
				CLANG_CXX_LANGUAGE_STANDARD = "gnu++0x";
				CLANG_CXX_LIBRARY = "libc++";
				CLANG_ENABLE_MODULES = YES;
				CLANG_ENABLE_OBJC_ARC = YES;
				CLANG_WARN_BOOL_CONVERSION = YES;
				CLANG_WARN_CONSTANT_CONVERSION = YES;
				CLANG_WARN_DIRECT_OBJC_ISA_USAGE = YES_ERROR;
				CLANG_WARN_EMPTY_BODY = YES;
				CLANG_WARN_ENUM_CONVERSION = YES;
				CLANG_WARN_INT_CONVERSION = YES;
				CLANG_WARN_OBJC_ROOT_CLASS = YES_ERROR;
				CLANG_WARN_UNREACHABLE_CODE = YES;
				CLANG_WARN__DUPLICATE_METHOD_MATCH = YES;
				CODE_SIGN_IDENTITY = "-";
				COPY_PHASE_STRIP = YES;
				DEBUG_INFORMATION_FORMAT = "dwarf-with-dsym";
				ENABLE_NS_ASSERTIONS = NO;
				ENABLE_STRICT_OBJC_MSGSEND = YES;
				GCC_C_LANGUAGE_STANDARD = gnu99;
				GCC_WARN_64_TO_32_BIT_CONVERSION = YES;
				GCC_WARN_ABOUT_RETURN_TYPE = YES_ERROR;
				GCC_WARN_UNDECLARED_SELECTOR = YES;
				GCC_WARN_UNINITIALIZED_AUTOS = YES_AGGRESSIVE;
				GCC_WARN_UNUSED_FUNCTION = YES;
				GCC_WARN_UNUSED_VARIABLE = YES;
				MACOSX_DEPLOYMENT_TARGET = 10.10;
				MTL_ENABLE_DEBUG_INFO = NO;
				SDKROOT = macosx;
			};
			name = Release;
		};
		7A39433F1A700FF700E1FD94 /* Debug */ = {
			isa = XCBuildConfiguration;
			buildSettings = {
				ASSETCATALOG_COMPILER_APPICON_NAME = AppIcon;
				CLANG_ENABLE_MODULES = YES;
				CODE_SIGN_IDENTITY = "Developer ID Application";
				COMBINE_HIDPI_IMAGES = YES;
				INFOPLIST_FILE = ArsNovis/Info.plist;
				LD_RUNPATH_SEARCH_PATHS = "$(inherited) @executable_path/../Frameworks";
				PRODUCT_BUNDLE_IDENTIFIER = "net.walkingdog.$(PRODUCT_NAME:rfc1034identifier)";
				PRODUCT_NAME = "$(TARGET_NAME)";
				SWIFT_OPTIMIZATION_LEVEL = "-Onone";
			};
			name = Debug;
		};
		7A3943401A700FF700E1FD94 /* Release */ = {
			isa = XCBuildConfiguration;
			buildSettings = {
				ASSETCATALOG_COMPILER_APPICON_NAME = AppIcon;
				CLANG_ENABLE_MODULES = YES;
				CODE_SIGN_IDENTITY = "Developer ID Application";
				COMBINE_HIDPI_IMAGES = YES;
				INFOPLIST_FILE = ArsNovis/Info.plist;
				LD_RUNPATH_SEARCH_PATHS = "$(inherited) @executable_path/../Frameworks";
				PRODUCT_BUNDLE_IDENTIFIER = "net.walkingdog.$(PRODUCT_NAME:rfc1034identifier)";
				PRODUCT_NAME = "$(TARGET_NAME)";
			};
			name = Release;
		};
		7A3943421A700FF700E1FD94 /* Debug */ = {
			isa = XCBuildConfiguration;
			buildSettings = {
				BUNDLE_LOADER = "$(TEST_HOST)";
				COMBINE_HIDPI_IMAGES = YES;
				FRAMEWORK_SEARCH_PATHS = (
					"$(DEVELOPER_FRAMEWORKS_DIR)",
					"$(inherited)",
				);
				GCC_PREPROCESSOR_DEFINITIONS = (
					"DEBUG=1",
					"$(inherited)",
				);
				INFOPLIST_FILE = ArsNovisTests/Info.plist;
				LD_RUNPATH_SEARCH_PATHS = "$(inherited) @executable_path/../Frameworks @loader_path/../Frameworks";
				PRODUCT_BUNDLE_IDENTIFIER = "net.walkingdog.$(PRODUCT_NAME:rfc1034identifier)";
				PRODUCT_NAME = "$(TARGET_NAME)";
				TEST_HOST = "$(BUILT_PRODUCTS_DIR)/ArsNovis.app/Contents/MacOS/ArsNovis";
			};
			name = Debug;
		};
		7A3943431A700FF700E1FD94 /* Release */ = {
			isa = XCBuildConfiguration;
			buildSettings = {
				BUNDLE_LOADER = "$(TEST_HOST)";
				COMBINE_HIDPI_IMAGES = YES;
				FRAMEWORK_SEARCH_PATHS = (
					"$(DEVELOPER_FRAMEWORKS_DIR)",
					"$(inherited)",
				);
				INFOPLIST_FILE = ArsNovisTests/Info.plist;
				LD_RUNPATH_SEARCH_PATHS = "$(inherited) @executable_path/../Frameworks @loader_path/../Frameworks";
				PRODUCT_BUNDLE_IDENTIFIER = "net.walkingdog.$(PRODUCT_NAME:rfc1034identifier)";
				PRODUCT_NAME = "$(TARGET_NAME)";
				TEST_HOST = "$(BUILT_PRODUCTS_DIR)/ArsNovis.app/Contents/MacOS/ArsNovis";
			};
			name = Release;
		};
/* End XCBuildConfiguration section */

/* Begin XCConfigurationList section */
		7A39431A1A700FF700E1FD94 /* Build configuration list for PBXProject "ArsNovis" */ = {
			isa = XCConfigurationList;
			buildConfigurations = (
				7A39433C1A700FF700E1FD94 /* Debug */,
				7A39433D1A700FF700E1FD94 /* Release */,
			);
			defaultConfigurationIsVisible = 0;
			defaultConfigurationName = Release;
		};
		7A39433E1A700FF700E1FD94 /* Build configuration list for PBXNativeTarget "ArsNovis" */ = {
			isa = XCConfigurationList;
			buildConfigurations = (
				7A39433F1A700FF700E1FD94 /* Debug */,
				7A3943401A700FF700E1FD94 /* Release */,
			);
			defaultConfigurationIsVisible = 0;
			defaultConfigurationName = Release;
		};
		7A3943411A700FF700E1FD94 /* Build configuration list for PBXNativeTarget "ArsNovisTests" */ = {
			isa = XCConfigurationList;
			buildConfigurations = (
				7A3943421A700FF700E1FD94 /* Debug */,
				7A3943431A700FF700E1FD94 /* Release */,
			);
			defaultConfigurationIsVisible = 0;
			defaultConfigurationName = Release;
		};
/* End XCConfigurationList section */
	};
	rootObject = 7A3943171A700FF700E1FD94 /* Project object */;
}
